{
  "requires": true,
  "lockfileVersion": 1,
  "dependencies": {
    "primeng": {
      "version": "6.1.4",
      "resolved": "https://registry.npmjs.org/primeng/-/primeng-6.1.4.tgz",
      "integrity": "sha512-z9jkgvaOveWtylpQXp1wOZtLNcnJuivdot6EpquPGV8oBjKMxFX+2k0NbTwDINldR384rurxUd8830Wk9/Z9Nw=="
    }
  }
}
